
Microsoft Visual Studio Solution File, Format Version 12.00
# Visual Studio Version 17
VisualStudioVersion = 17.9.34902.65
MinimumVisualStudioVersion = 10.0.40219.1
Project("{FAE04EC0-301F-11D3-BF4B-00C04F79EFBC}") = "AdvancedNext", "AdvancedNext\AdvancedNext.csproj", "{A86BFA7C-0A11-4508-9974-B19269147804}"
EndProject
Global
	GlobalSection(SolutionConfigurationPlatforms) = preSolution
		Debug|Any CPU = Debug|Any CPU
		Release|Any CPU = Release|Any CPU
	EndGlobalSection
	GlobalSection(ProjectConfigurationPlatforms) = postSolution
		{A86BFA7C-0A11-4508-9974-B19269147804}.Debug|Any CPU.ActiveCfg = Debug|Any CPU
		{A86BFA7C-0A11-4508-9974-B19269147804}.Debug|Any CPU.Build.0 = Debug|Any CPU
		{A86BFA7C-0A11-4508-9974-B19269147804}.Release|Any CPU.ActiveCfg = Release|Any CPU
		{A86BFA7C-0A11-4508-9974-B19269147804}.Release|Any CPU.Build.0 = Release|Any CPU
	EndGlobalSection
	GlobalSection(SolutionProperties) = preSolution
		HideSolutionNode = FALSE
	EndGlobalSection
	GlobalSection(ExtensibilityGlobals) = postSolution
		SolutionGuid = {E0F53E48-74B6-4D34-83FF-0588848EF279}
	EndGlobalSection
EndGlobal
